
Microsoft Visual Studio Solution File, Format Version 12.00
# Visual Studio Version 17
VisualStudioVersion = 17.4.33213.308
MinimumVisualStudioVersion = 10.0.40219.1
Project("{2150E333-8FDC-42A3-9474-1A3956D46DE8}") = "Decorator", "Decorator", "{8C94E3FD-5020-49C0-B76D-A3C4D5BBEBC3}"
	ProjectSection(SolutionItems) = preProject
		Decorator\Decorator_Pattern\Decorator_UML.jpg = Decorator\Decorator_Pattern\Decorator_UML.jpg
	EndProjectSection
EndProject
Project("{9A19103F-16F7-4668-BE54-9A1E7A4F7556}") = "Decorator_Pattern", "Decorator\Decorator_Pattern\Decorator_Pattern.csproj", "{D43B5F2F-FBAF-406E-A147-A35C1EAB364A}"
EndProject
Project("{2150E333-8FDC-42A3-9474-1A3956D46DE8}") = "Example", "Example", "{96A3F939-78F0-4176-B00F-91E87A5F33D2}"
EndProject
Project("{2150E333-8FDC-42A3-9474-1A3956D46DE8}") = "ProductServiceLogger", "ProductServiceLogger", "{14C8CAB4-63C1-440B-8658-0D321ABDF3FC}"
	ProjectSection(SolutionItems) = preProject
		doc.txt = doc.txt
	EndProjectSection
EndProject
Project("{9A19103F-16F7-4668-BE54-9A1E7A4F7556}") = "EX.Decorator.AspNetCore", "Decorator\Example\ProductServiceLogger\EX.Decorator.AspNetCore\EX.Decorator.AspNetCore.csproj", "{93DB0B76-25E8-4FF7-AF01-5B06DAFC6D19}"
EndProject
Project("{9A19103F-16F7-4668-BE54-9A1E7A4F7556}") = "Ex.Decorator.Domain", "Decorator\Example\ProductServiceLogger\Ex.Decorator.Domain\Ex.Decorator.Domain.csproj", "{3D51FBEB-983D-4287-9E86-E86689661704}"
EndProject
Project("{9A19103F-16F7-4668-BE54-9A1E7A4F7556}") = "Ex.Decorator.Repository", "Decorator\Example\ProductServiceLogger\Ex.Decorator.Repository\Ex.Decorator.Repository.csproj", "{FE80208D-E46E-4BB0-B041-AA9B5A6D7439}"
EndProject
Project("{9A19103F-16F7-4668-BE54-9A1E7A4F7556}") = "Ex.Decorator.Email", "Decorator\Example\Ex.Decorator.Email\Ex.Decorator.Email.csproj", "{9A800C86-DCFA-4A6C-8A38-E7F42D07DA9C}"
EndProject
Project("{9A19103F-16F7-4668-BE54-9A1E7A4F7556}") = "Ex.Decorator.WebClientApp", "Decorator\Example\Ex.Decorator.WebClient\Ex.Decorator.WebClientApp.csproj", "{1CDD2351-B1E9-429B-BFA5-55E1615484CC}"
EndProject
Project("{9A19103F-16F7-4668-BE54-9A1E7A4F7556}") = "Ex.Decorator.DecoratorVsInheritance", "Decorator\Example\Ex.Decorator.DecoratorVsInheritance\Ex.Decorator.DecoratorVsInheritance.csproj", "{AB276319-60BD-464B-9E92-42C6C173DADF}"
EndProject
Project("{2150E333-8FDC-42A3-9474-1A3956D46DE8}") = "Facade", "Facade", "{A7A8BF13-ED71-4E16-8187-001CB18C3E09}"
EndProject
Project("{2150E333-8FDC-42A3-9474-1A3956D46DE8}") = "Example", "Example", "{3058DE81-2C2C-4C33-BB12-193D08B2649F}"
EndProject
Project("{9A19103F-16F7-4668-BE54-9A1E7A4F7556}") = "Facade_Pattern", "Facade\Facade_Pattern\Facade_Pattern.csproj", "{463D4A2B-C638-44DE-A52B-78E1F2CC7CD8}"
EndProject
Project("{9A19103F-16F7-4668-BE54-9A1E7A4F7556}") = "Ex.Facade.WebApi", "Facade\Example\Ex.Facade.WebApi\Ex.Facade.WebApi.csproj", "{A82A22D3-EC96-4B03-8F34-DD997D95BEF2}"
EndProject
Project("{9A19103F-16F7-4668-BE54-9A1E7A4F7556}") = "Ex.Facade.Application", "Facade\Example\Ex.Facade.Application\Ex.Facade.Application.csproj", "{B5934E5A-EC9B-4D5B-BB77-F5BBCCD251D2}"
EndProject
Project("{2150E333-8FDC-42A3-9474-1A3956D46DE8}") = "Bridge", "Bridge", "{E30DBFAB-6A54-498D-8947-1D489BD9C9D2}"
EndProject
Project("{9A19103F-16F7-4668-BE54-9A1E7A4F7556}") = "Bridge_Pattern", "Bridge\Bridge_Pattern\Bridge_Pattern.csproj", "{5133BA8B-C00B-43B3-9FA5-206BEBFB6460}"
EndProject
Project("{2150E333-8FDC-42A3-9474-1A3956D46DE8}") = "Example", "Example", "{E3321ABC-01B3-4C43-A17F-6FE2349B7449}"
EndProject
Project("{9A19103F-16F7-4668-BE54-9A1E7A4F7556}") = "Ex.Bridge.EmailSender", "Bridge\Example\Ex.Bridge.EmailSender\Ex.Bridge.EmailSender.csproj", "{145841E4-43F7-460C-A5AC-68E253E80CC2}"
EndProject
Project("{9A19103F-16F7-4668-BE54-9A1E7A4F7556}") = "Ex.Bridge.MailServiceImplementor", "Bridge\Example\Ex.Bridge.MailServiceImplementor\Ex.Bridge.MailServiceImplementor.csproj", "{52425F0C-1187-4318-9D91-3C891E3471C9}"
EndProject
Project("{2150E333-8FDC-42A3-9474-1A3956D46DE8}") = "Proxy", "Proxy", "{6D4EE8D0-E6F2-49D1-9DDB-DA80CBDE6432}"
EndProject
Project("{9A19103F-16F7-4668-BE54-9A1E7A4F7556}") = "Proxy_Pattern", "Proxy\Proxy_Pattern\Proxy_Pattern.csproj", "{42D133C6-FB78-4FBC-AB6A-96F88C54091E}"
EndProject
Project("{2150E333-8FDC-42A3-9474-1A3956D46DE8}") = "State", "State", "{912B9ECF-D8D1-476D-B35C-3E4EEF4D79F6}"
EndProject
Project("{9A19103F-16F7-4668-BE54-9A1E7A4F7556}") = "State_Pattern", "State\State_Pattern\State_Pattern.csproj", "{541C6F0D-A26C-4CD7-8C80-9E23C90FA833}"
EndProject
Project("{2150E333-8FDC-42A3-9474-1A3956D46DE8}") = "Example", "Example", "{5A08C725-42B7-40AC-908B-E358B935AB2A}"
EndProject
Project("{9A19103F-16F7-4668-BE54-9A1E7A4F7556}") = "Ex.State.ConsoleApp", "State\Example\Ex.State.ConsoleApp\Ex.State.ConsoleApp.csproj", "{040419E1-4CBB-4DD4-8B6A-6BB3BF566283}"
EndProject
Project("{2150E333-8FDC-42A3-9474-1A3956D46DE8}") = "Visitor", "Visitor", "{3EEDF929-64E1-45C5-902E-576F3CD931A2}"
EndProject
Project("{9A19103F-16F7-4668-BE54-9A1E7A4F7556}") = "Visitor_Pattern", "Visitor\Visitor_Pattern\Visitor_Pattern.csproj", "{C94DF1D8-FFC0-47E2-A688-2C63E10C47DA}"
EndProject
Project("{2150E333-8FDC-42A3-9474-1A3956D46DE8}") = "Composite", "Composite", "{C5A8E10A-1381-422A-B546-6B9A64CB0A43}"
	ProjectSection(SolutionItems) = preProject
		Composite\Composite_UML.jpg = Composite\Composite_UML.jpg
		Composite\Doc.docx = Composite\Doc.docx
	EndProjectSection
EndProject
Project("{9A19103F-16F7-4668-BE54-9A1E7A4F7556}") = "Composite_Pattern", "Composite\Composite_Pattern\Composite_Pattern.csproj", "{54AFEC6D-E77B-482D-A967-F11501FD8F14}"
EndProject
Project("{2150E333-8FDC-42A3-9474-1A3956D46DE8}") = "Example", "Example", "{2A6D5CA9-B5E3-4719-B045-ABF3C5783F4D}"
EndProject
Project("{FAE04EC0-301F-11D3-BF4B-00C04F79EFBC}") = "Ex.Composite.Computer", "Composite\Example\Ex.Composite.Computer\Ex.Composite.Computer.csproj", "{B25D6736-0700-4635-89FD-F05D70807C47}"
EndProject
Project("{2150E333-8FDC-42A3-9474-1A3956D46DE8}") = "SideMenu", "SideMenu", "{C388F166-C909-4D3C-A093-7D6F876B8E46}"
EndProject
Project("{FAE04EC0-301F-11D3-BF4B-00C04F79EFBC}") = "Ex.Composite.SideMenuSample", "Composite\Example\SideMenu\Ex.Composite.SideMenuSample\Ex.Composite.SideMenuSample.csproj", "{1A3927E7-F60A-46A3-9F76-107EAB83C38E}"
EndProject
Global
	GlobalSection(SolutionConfigurationPlatforms) = preSolution
		Debug|Any CPU = Debug|Any CPU
		Release|Any CPU = Release|Any CPU
	EndGlobalSection
	GlobalSection(ProjectConfigurationPlatforms) = postSolution
		{D43B5F2F-FBAF-406E-A147-A35C1EAB364A}.Debug|Any CPU.ActiveCfg = Debug|Any CPU
		{D43B5F2F-FBAF-406E-A147-A35C1EAB364A}.Debug|Any CPU.Build.0 = Debug|Any CPU
		{D43B5F2F-FBAF-406E-A147-A35C1EAB364A}.Release|Any CPU.ActiveCfg = Release|Any CPU
		{D43B5F2F-FBAF-406E-A147-A35C1EAB364A}.Release|Any CPU.Build.0 = Release|Any CPU
		{93DB0B76-25E8-4FF7-AF01-5B06DAFC6D19}.Debug|Any CPU.ActiveCfg = Debug|Any CPU
		{93DB0B76-25E8-4FF7-AF01-5B06DAFC6D19}.Debug|Any CPU.Build.0 = Debug|Any CPU
		{93DB0B76-25E8-4FF7-AF01-5B06DAFC6D19}.Release|Any CPU.ActiveCfg = Release|Any CPU
		{93DB0B76-25E8-4FF7-AF01-5B06DAFC6D19}.Release|Any CPU.Build.0 = Release|Any CPU
		{3D51FBEB-983D-4287-9E86-E86689661704}.Debug|Any CPU.ActiveCfg = Debug|Any CPU
		{3D51FBEB-983D-4287-9E86-E86689661704}.Debug|Any CPU.Build.0 = Debug|Any CPU
		{3D51FBEB-983D-4287-9E86-E86689661704}.Release|Any CPU.ActiveCfg = Release|Any CPU
		{3D51FBEB-983D-4287-9E86-E86689661704}.Release|Any CPU.Build.0 = Release|Any CPU
		{FE80208D-E46E-4BB0-B041-AA9B5A6D7439}.Debug|Any CPU.ActiveCfg = Debug|Any CPU
		{FE80208D-E46E-4BB0-B041-AA9B5A6D7439}.Debug|Any CPU.Build.0 = Debug|Any CPU
		{FE80208D-E46E-4BB0-B041-AA9B5A6D7439}.Release|Any CPU.ActiveCfg = Release|Any CPU
		{FE80208D-E46E-4BB0-B041-AA9B5A6D7439}.Release|Any CPU.Build.0 = Release|Any CPU
		{9A800C86-DCFA-4A6C-8A38-E7F42D07DA9C}.Debug|Any CPU.ActiveCfg = Debug|Any CPU
		{9A800C86-DCFA-4A6C-8A38-E7F42D07DA9C}.Debug|Any CPU.Build.0 = Debug|Any CPU
		{9A800C86-DCFA-4A6C-8A38-E7F42D07DA9C}.Release|Any CPU.ActiveCfg = Release|Any CPU
		{9A800C86-DCFA-4A6C-8A38-E7F42D07DA9C}.Release|Any CPU.Build.0 = Release|Any CPU
		{1CDD2351-B1E9-429B-BFA5-55E1615484CC}.Debug|Any CPU.ActiveCfg = Debug|Any CPU
		{1CDD2351-B1E9-429B-BFA5-55E1615484CC}.Debug|Any CPU.Build.0 = Debug|Any CPU
		{1CDD2351-B1E9-429B-BFA5-55E1615484CC}.Release|Any CPU.ActiveCfg = Release|Any CPU
		{1CDD2351-B1E9-429B-BFA5-55E1615484CC}.Release|Any CPU.Build.0 = Release|Any CPU
		{AB276319-60BD-464B-9E92-42C6C173DADF}.Debug|Any CPU.ActiveCfg = Debug|Any CPU
		{AB276319-60BD-464B-9E92-42C6C173DADF}.Debug|Any CPU.Build.0 = Debug|Any CPU
		{AB276319-60BD-464B-9E92-42C6C173DADF}.Release|Any CPU.ActiveCfg = Release|Any CPU
		{AB276319-60BD-464B-9E92-42C6C173DADF}.Release|Any CPU.Build.0 = Release|Any CPU
		{463D4A2B-C638-44DE-A52B-78E1F2CC7CD8}.Debug|Any CPU.ActiveCfg = Debug|Any CPU
		{463D4A2B-C638-44DE-A52B-78E1F2CC7CD8}.Debug|Any CPU.Build.0 = Debug|Any CPU
		{463D4A2B-C638-44DE-A52B-78E1F2CC7CD8}.Release|Any CPU.ActiveCfg = Release|Any CPU
		{463D4A2B-C638-44DE-A52B-78E1F2CC7CD8}.Release|Any CPU.Build.0 = Release|Any CPU
		{A82A22D3-EC96-4B03-8F34-DD997D95BEF2}.Debug|Any CPU.ActiveCfg = Debug|Any CPU
		{A82A22D3-EC96-4B03-8F34-DD997D95BEF2}.Debug|Any CPU.Build.0 = Debug|Any CPU
		{A82A22D3-EC96-4B03-8F34-DD997D95BEF2}.Release|Any CPU.ActiveCfg = Release|Any CPU
		{A82A22D3-EC96-4B03-8F34-DD997D95BEF2}.Release|Any CPU.Build.0 = Release|Any CPU
		{B5934E5A-EC9B-4D5B-BB77-F5BBCCD251D2}.Debug|Any CPU.ActiveCfg = Debug|Any CPU
		{B5934E5A-EC9B-4D5B-BB77-F5BBCCD251D2}.Debug|Any CPU.Build.0 = Debug|Any CPU
		{B5934E5A-EC9B-4D5B-BB77-F5BBCCD251D2}.Release|Any CPU.ActiveCfg = Release|Any CPU
		{B5934E5A-EC9B-4D5B-BB77-F5BBCCD251D2}.Release|Any CPU.Build.0 = Release|Any CPU
		{5133BA8B-C00B-43B3-9FA5-206BEBFB6460}.Debug|Any CPU.ActiveCfg = Debug|Any CPU
		{5133BA8B-C00B-43B3-9FA5-206BEBFB6460}.Debug|Any CPU.Build.0 = Debug|Any CPU
		{5133BA8B-C00B-43B3-9FA5-206BEBFB6460}.Release|Any CPU.ActiveCfg = Release|Any CPU
		{5133BA8B-C00B-43B3-9FA5-206BEBFB6460}.Release|Any CPU.Build.0 = Release|Any CPU
		{145841E4-43F7-460C-A5AC-68E253E80CC2}.Debug|Any CPU.ActiveCfg = Debug|Any CPU
		{145841E4-43F7-460C-A5AC-68E253E80CC2}.Debug|Any CPU.Build.0 = Debug|Any CPU
		{145841E4-43F7-460C-A5AC-68E253E80CC2}.Release|Any CPU.ActiveCfg = Release|Any CPU
		{145841E4-43F7-460C-A5AC-68E253E80CC2}.Release|Any CPU.Build.0 = Release|Any CPU
		{52425F0C-1187-4318-9D91-3C891E3471C9}.Debug|Any CPU.ActiveCfg = Debug|Any CPU
		{52425F0C-1187-4318-9D91-3C891E3471C9}.Debug|Any CPU.Build.0 = Debug|Any CPU
		{52425F0C-1187-4318-9D91-3C891E3471C9}.Release|Any CPU.ActiveCfg = Release|Any CPU
		{52425F0C-1187-4318-9D91-3C891E3471C9}.Release|Any CPU.Build.0 = Release|Any CPU
		{42D133C6-FB78-4FBC-AB6A-96F88C54091E}.Debug|Any CPU.ActiveCfg = Debug|Any CPU
		{42D133C6-FB78-4FBC-AB6A-96F88C54091E}.Debug|Any CPU.Build.0 = Debug|Any CPU
		{42D133C6-FB78-4FBC-AB6A-96F88C54091E}.Release|Any CPU.ActiveCfg = Release|Any CPU
		{42D133C6-FB78-4FBC-AB6A-96F88C54091E}.Release|Any CPU.Build.0 = Release|Any CPU
		{541C6F0D-A26C-4CD7-8C80-9E23C90FA833}.Debug|Any CPU.ActiveCfg = Debug|Any CPU
		{541C6F0D-A26C-4CD7-8C80-9E23C90FA833}.Debug|Any CPU.Build.0 = Debug|Any CPU
		{541C6F0D-A26C-4CD7-8C80-9E23C90FA833}.Release|Any CPU.ActiveCfg = Release|Any CPU
		{541C6F0D-A26C-4CD7-8C80-9E23C90FA833}.Release|Any CPU.Build.0 = Release|Any CPU
		{040419E1-4CBB-4DD4-8B6A-6BB3BF566283}.Debug|Any CPU.ActiveCfg = Debug|Any CPU
		{040419E1-4CBB-4DD4-8B6A-6BB3BF566283}.Debug|Any CPU.Build.0 = Debug|Any CPU
		{040419E1-4CBB-4DD4-8B6A-6BB3BF566283}.Release|Any CPU.ActiveCfg = Release|Any CPU
		{040419E1-4CBB-4DD4-8B6A-6BB3BF566283}.Release|Any CPU.Build.0 = Release|Any CPU
		{C94DF1D8-FFC0-47E2-A688-2C63E10C47DA}.Debug|Any CPU.ActiveCfg = Debug|Any CPU
		{C94DF1D8-FFC0-47E2-A688-2C63E10C47DA}.Debug|Any CPU.Build.0 = Debug|Any CPU
		{C94DF1D8-FFC0-47E2-A688-2C63E10C47DA}.Release|Any CPU.ActiveCfg = Release|Any CPU
		{C94DF1D8-FFC0-47E2-A688-2C63E10C47DA}.Release|Any CPU.Build.0 = Release|Any CPU
		{54AFEC6D-E77B-482D-A967-F11501FD8F14}.Debug|Any CPU.ActiveCfg = Debug|Any CPU
		{54AFEC6D-E77B-482D-A967-F11501FD8F14}.Debug|Any CPU.Build.0 = Debug|Any CPU
		{54AFEC6D-E77B-482D-A967-F11501FD8F14}.Release|Any CPU.ActiveCfg = Release|Any CPU
		{54AFEC6D-E77B-482D-A967-F11501FD8F14}.Release|Any CPU.Build.0 = Release|Any CPU
		{B25D6736-0700-4635-89FD-F05D70807C47}.Debug|Any CPU.ActiveCfg = Debug|Any CPU
		{B25D6736-0700-4635-89FD-F05D70807C47}.Debug|Any CPU.Build.0 = Debug|Any CPU
		{B25D6736-0700-4635-89FD-F05D70807C47}.Release|Any CPU.ActiveCfg = Release|Any CPU
		{B25D6736-0700-4635-89FD-F05D70807C47}.Release|Any CPU.Build.0 = Release|Any CPU
		{1A3927E7-F60A-46A3-9F76-107EAB83C38E}.Debug|Any CPU.ActiveCfg = Debug|Any CPU
		{1A3927E7-F60A-46A3-9F76-107EAB83C38E}.Debug|Any CPU.Build.0 = Debug|Any CPU
		{1A3927E7-F60A-46A3-9F76-107EAB83C38E}.Release|Any CPU.ActiveCfg = Release|Any CPU
		{1A3927E7-F60A-46A3-9F76-107EAB83C38E}.Release|Any CPU.Build.0 = Release|Any CPU
	EndGlobalSection
	GlobalSection(SolutionProperties) = preSolution
		HideSolutionNode = FALSE
	EndGlobalSection
	GlobalSection(NestedProjects) = preSolution
		{D43B5F2F-FBAF-406E-A147-A35C1EAB364A} = {8C94E3FD-5020-49C0-B76D-A3C4D5BBEBC3}
		{96A3F939-78F0-4176-B00F-91E87A5F33D2} = {8C94E3FD-5020-49C0-B76D-A3C4D5BBEBC3}
		{14C8CAB4-63C1-440B-8658-0D321ABDF3FC} = {96A3F939-78F0-4176-B00F-91E87A5F33D2}
		{93DB0B76-25E8-4FF7-AF01-5B06DAFC6D19} = {14C8CAB4-63C1-440B-8658-0D321ABDF3FC}
		{3D51FBEB-983D-4287-9E86-E86689661704} = {14C8CAB4-63C1-440B-8658-0D321ABDF3FC}
		{FE80208D-E46E-4BB0-B041-AA9B5A6D7439} = {14C8CAB4-63C1-440B-8658-0D321ABDF3FC}
		{9A800C86-DCFA-4A6C-8A38-E7F42D07DA9C} = {96A3F939-78F0-4176-B00F-91E87A5F33D2}
		{1CDD2351-B1E9-429B-BFA5-55E1615484CC} = {96A3F939-78F0-4176-B00F-91E87A5F33D2}
		{AB276319-60BD-464B-9E92-42C6C173DADF} = {96A3F939-78F0-4176-B00F-91E87A5F33D2}
		{3058DE81-2C2C-4C33-BB12-193D08B2649F} = {A7A8BF13-ED71-4E16-8187-001CB18C3E09}
		{463D4A2B-C638-44DE-A52B-78E1F2CC7CD8} = {A7A8BF13-ED71-4E16-8187-001CB18C3E09}
		{A82A22D3-EC96-4B03-8F34-DD997D95BEF2} = {3058DE81-2C2C-4C33-BB12-193D08B2649F}
		{B5934E5A-EC9B-4D5B-BB77-F5BBCCD251D2} = {3058DE81-2C2C-4C33-BB12-193D08B2649F}
		{5133BA8B-C00B-43B3-9FA5-206BEBFB6460} = {E30DBFAB-6A54-498D-8947-1D489BD9C9D2}
		{E3321ABC-01B3-4C43-A17F-6FE2349B7449} = {E30DBFAB-6A54-498D-8947-1D489BD9C9D2}
		{145841E4-43F7-460C-A5AC-68E253E80CC2} = {E3321ABC-01B3-4C43-A17F-6FE2349B7449}
		{52425F0C-1187-4318-9D91-3C891E3471C9} = {E3321ABC-01B3-4C43-A17F-6FE2349B7449}
		{42D133C6-FB78-4FBC-AB6A-96F88C54091E} = {6D4EE8D0-E6F2-49D1-9DDB-DA80CBDE6432}
		{541C6F0D-A26C-4CD7-8C80-9E23C90FA833} = {912B9ECF-D8D1-476D-B35C-3E4EEF4D79F6}
		{5A08C725-42B7-40AC-908B-E358B935AB2A} = {912B9ECF-D8D1-476D-B35C-3E4EEF4D79F6}
		{040419E1-4CBB-4DD4-8B6A-6BB3BF566283} = {5A08C725-42B7-40AC-908B-E358B935AB2A}
		{C94DF1D8-FFC0-47E2-A688-2C63E10C47DA} = {3EEDF929-64E1-45C5-902E-576F3CD931A2}
		{54AFEC6D-E77B-482D-A967-F11501FD8F14} = {C5A8E10A-1381-422A-B546-6B9A64CB0A43}
		{2A6D5CA9-B5E3-4719-B045-ABF3C5783F4D} = {C5A8E10A-1381-422A-B546-6B9A64CB0A43}
		{B25D6736-0700-4635-89FD-F05D70807C47} = {2A6D5CA9-B5E3-4719-B045-ABF3C5783F4D}
		{C388F166-C909-4D3C-A093-7D6F876B8E46} = {2A6D5CA9-B5E3-4719-B045-ABF3C5783F4D}
		{1A3927E7-F60A-46A3-9F76-107EAB83C38E} = {C388F166-C909-4D3C-A093-7D6F876B8E46}
	EndGlobalSection
	GlobalSection(ExtensibilityGlobals) = postSolution
		SolutionGuid = {E407A0FE-9583-4A0E-9C30-59DEAF05400A}
	EndGlobalSection
EndGlobal
